// !$*UTF8*$!
{
	archiveVersion = 1;
	classes = {
	};
	objectVersion = 55;
	objects = {

/* Begin PBXBuildFile section */
		16B9F3242753886000F6C5EF /* NobelLaureatesApp.swift in Sources */ = {isa = PBXBuildFile; fileRef = 16B9F3232753886000F6C5EF /* NobelLaureatesApp.swift */; };
		16B9F3262753886000F6C5EF /* ContentView.swift in Sources */ = {isa = PBXBuildFile; fileRef = 16B9F3252753886000F6C5EF /* ContentView.swift */; };
		16B9F3282753886200F6C5EF /* Assets.xcassets in Resources */ = {isa = PBXBuildFile; fileRef = 16B9F3272753886200F6C5EF /* Assets.xcassets */; };
		16B9F32B2753886200F6C5EF /* Preview Assets.xcassets in Resources */ = {isa = PBXBuildFile; fileRef = 16B9F32A2753886200F6C5EF /* Preview Assets.xcassets */; };
		16B9F3352753886300F6C5EF /* NobelLaureatesTests.swift in Sources */ = {isa = PBXBuildFile; fileRef = 16B9F3342753886300F6C5EF /* NobelLaureatesTests.swift */; };
		16B9F33F2753886300F6C5EF /* NobelLaureatesUITests.swift in Sources */ = {isa = PBXBuildFile; fileRef = 16B9F33E2753886300F6C5EF /* NobelLaureatesUITests.swift */; };
		16B9F3412753886300F6C5EF /* NobelLaureatesUITestsLaunchTests.swift in Sources */ = {isa = PBXBuildFile; fileRef = 16B9F3402753886300F6C5EF /* NobelLaureatesUITestsLaunchTests.swift */; };
		16B9F34E2753898C00F6C5EF /* Interfaces.swift in Sources */ = {isa = PBXBuildFile; fileRef = 16B9F34D2753898C00F6C5EF /* Interfaces.swift */; };
		16B9F350275389D300F6C5EF /* NetworkManager.swift in Sources */ = {isa = PBXBuildFile; fileRef = 16B9F34F275389D300F6C5EF /* NetworkManager.swift */; };
		16B9F35227538A2100F6C5EF /* Misc.swift in Sources */ = {isa = PBXBuildFile; fileRef = 16B9F35127538A2100F6C5EF /* Misc.swift */; };
		16B9F354275680D200F6C5EF /* LaureateView.swift in Sources */ = {isa = PBXBuildFile; fileRef = 16B9F353275680D200F6C5EF /* LaureateView.swift */; };
/* End PBXBuildFile section */

/* Begin PBXContainerItemProxy section */
		16B9F3312753886300F6C5EF /* PBXContainerItemProxy */ = {
			isa = PBXContainerItemProxy;
			containerPortal = 16B9F3182753886000F6C5EF /* Project object */;
			proxyType = 1;
			remoteGlobalIDString = 16B9F31F2753886000F6C5EF;
			remoteInfo = NobelLaureates;
		};
		16B9F33B2753886300F6C5EF /* PBXContainerItemProxy */ = {
			isa = PBXContainerItemProxy;
			containerPortal = 16B9F3182753886000F6C5EF /* Project object */;
			proxyType = 1;
			remoteGlobalIDString = 16B9F31F2753886000F6C5EF;
			remoteInfo = NobelLaureates;
		};
/* End PBXContainerItemProxy section */

/* Begin PBXFileReference section */
		16B9F3202753886000F6C5EF /* NobelLaureates.app */ = {isa = PBXFileReference; explicitFileType = wrapper.application; includeInIndex = 0; path = NobelLaureates.app; sourceTree = BUILT_PRODUCTS_DIR; };
		16B9F3232753886000F6C5EF /* NobelLaureatesApp.swift */ = {isa = PBXFileReference; lastKnownFileType = sourcecode.swift; path = NobelLaureatesApp.swift; sourceTree = "<group>"; };
		16B9F3252753886000F6C5EF /* ContentView.swift */ = {isa = PBXFileReference; lastKnownFileType = sourcecode.swift; path = ContentView.swift; sourceTree = "<group>"; };
		16B9F3272753886200F6C5EF /* Assets.xcassets */ = {isa = PBXFileReference; lastKnownFileType = folder.assetcatalog; path = Assets.xcassets; sourceTree = "<group>"; };
		16B9F32A2753886200F6C5EF /* Preview Assets.xcassets */ = {isa = PBXFileReference; lastKnownFileType = folder.assetcatalog; path = "Preview Assets.xcassets"; sourceTree = "<group>"; };
		16B9F3302753886300F6C5EF /* NobelLaureatesTests.xctest */ = {isa = PBXFileReference; explicitFileType = wrapper.cfbundle; includeInIndex = 0; path = NobelLaureatesTests.xctest; sourceTree = BUILT_PRODUCTS_DIR; };
		16B9F3342753886300F6C5EF /* NobelLaureatesTests.swift */ = {isa = PBXFileReference; lastKnownFileType = sourcecode.swift; path = NobelLaureatesTests.swift; sourceTree = "<group>"; };
		16B9F33A2753886300F6C5EF /* NobelLaureatesUITests.xctest */ = {isa = PBXFileReference; explicitFileType = wrapper.cfbundle; includeInIndex = 0; path = NobelLaureatesUITests.xctest; sourceTree = BUILT_PRODUCTS_DIR; };
		16B9F33E2753886300F6C5EF /* NobelLaureatesUITests.swift */ = {isa = PBXFileReference; lastKnownFileType = sourcecode.swift; path = NobelLaureatesUITests.swift; sourceTree = "<group>"; };
		16B9F3402753886300F6C5EF /* NobelLaureatesUITestsLaunchTests.swift */ = {isa = PBXFileReference; lastKnownFileType = sourcecode.swift; path = NobelLaureatesUITestsLaunchTests.swift; sourceTree = "<group>"; };
		16B9F34D2753898C00F6C5EF /* Interfaces.swift */ = {isa = PBXFileReference; lastKnownFileType = sourcecode.swift; path = Interfaces.swift; sourceTree = "<group>"; };
		16B9F34F275389D300F6C5EF /* NetworkManager.swift */ = {isa = PBXFileReference; lastKnownFileType = sourcecode.swift; path = NetworkManager.swift; sourceTree = "<group>"; };
		16B9F35127538A2100F6C5EF /* Misc.swift */ = {isa = PBXFileReference; lastKnownFileType = sourcecode.swift; path = Misc.swift; sourceTree = "<group>"; };
		16B9F353275680D200F6C5EF /* LaureateView.swift */ = {isa = PBXFileReference; lastKnownFileType = sourcecode.swift; path = LaureateView.swift; sourceTree = "<group>"; };
/* End PBXFileReference section */

/* Begin PBXFrameworksBuildPhase section */
		16B9F31D2753886000F6C5EF /* Frameworks */ = {
			isa = PBXFrameworksBuildPhase;
			buildActionMask = 2147483647;
			files = (
			);
			runOnlyForDeploymentPostprocessing = 0;
		};
		16B9F32D2753886300F6C5EF /* Frameworks */ = {
			isa = PBXFrameworksBuildPhase;
			buildActionMask = 2147483647;
			files = (
			);
			runOnlyForDeploymentPostprocessing = 0;
		};
		16B9F3372753886300F6C5EF /* Frameworks */ = {
			isa = PBXFrameworksBuildPhase;
			buildActionMask = 2147483647;
			files = (
			);
			runOnlyForDeploymentPostprocessing = 0;
		};
/* End PBXFrameworksBuildPhase section */

/* Begin PBXGroup section */
		16B9F3172753886000F6C5EF = {
			isa = PBXGroup;
			children = (
				16B9F3222753886000F6C5EF /* NobelLaureates */,
				16B9F3332753886300F6C5EF /* NobelLaureatesTests */,
				16B9F33D2753886300F6C5EF /* NobelLaureatesUITests */,
				16B9F3212753886000F6C5EF /* Products */,
			);
			sourceTree = "<group>";
		};
		16B9F3212753886000F6C5EF /* Products */ = {
			isa = PBXGroup;
			children = (
				16B9F3202753886000F6C5EF /* NobelLaureates.app */,
				16B9F3302753886300F6C5EF /* NobelLaureatesTests.xctest */,
				16B9F33A2753886300F6C5EF /* NobelLaureatesUITests.xctest */,
			);
			name = Products;
			sourceTree = "<group>";
		};
		16B9F3222753886000F6C5EF /* NobelLaureates */ = {
			isa = PBXGroup;
			children = (
				16B9F3232753886000F6C5EF /* NobelLaureatesApp.swift */,
				16B9F3252753886000F6C5EF /* ContentView.swift */,
				16B9F3272753886200F6C5EF /* Assets.xcassets */,
				16B9F3292753886200F6C5EF /* Preview Content */,
				16B9F34D2753898C00F6C5EF /* Interfaces.swift */,
				16B9F34F275389D300F6C5EF /* NetworkManager.swift */,
				16B9F35127538A2100F6C5EF /* Misc.swift */,
				16B9F353275680D200F6C5EF /* LaureateView.swift */,
			);
			path = NobelLaureates;
			sourceTree = "<group>";
		};
		16B9F3292753886200F6C5EF /* Preview Content */ = {
			isa = PBXGroup;
			children = (
				16B9F32A2753886200F6C5EF /* Preview Assets.xcassets */,
			);
			path = "Preview Content";
			sourceTree = "<group>";
		};
		16B9F3332753886300F6C5EF /* NobelLaureatesTests */ = {
			isa = PBXGroup;
			children = (
				16B9F3342753886300F6C5EF /* NobelLaureatesTests.swift */,
			);
			path = NobelLaureatesTests;
			sourceTree = "<group>";
		};
		16B9F33D2753886300F6C5EF /* NobelLaureatesUITests */ = {
			isa = PBXGroup;
			children = (
				16B9F33E2753886300F6C5EF /* NobelLaureatesUITests.swift */,
				16B9F3402753886300F6C5EF /* NobelLaureatesUITestsLaunchTests.swift */,
			);
			path = NobelLaureatesUITests;
			sourceTree = "<group>";
		};
/* End PBXGroup section */

/* Begin PBXNativeTarget section */
		16B9F31F2753886000F6C5EF /* NobelLaureates */ = {
			isa = PBXNativeTarget;
			buildConfigurationList = 16B9F3442753886300F6C5EF /* Build configuration list for PBXNativeTarget "NobelLaureates" */;
			buildPhases = (
				16B9F31C2753886000F6C5EF /* Sources */,
				16B9F31D2753886000F6C5EF /* Frameworks */,
				16B9F31E2753886000F6C5EF /* Resources */,
			);
			buildRules = (
			);
			dependencies = (
			);
			name = NobelLaureates;
			productName = NobelLaureates;
			productReference = 16B9F3202753886000F6C5EF /* NobelLaureates.app */;
			productType = "com.apple.product-type.application";
		};
		16B9F32F2753886300F6C5EF /* NobelLaureatesTests */ = {
			isa = PBXNativeTarget;
			buildConfigurationList = 16B9F3472753886300F6C5EF /* Build configuration list for PBXNativeTarget "NobelLaureatesTests" */;
			buildPhases = (
				16B9F32C2753886300F6C5EF /* Sources */,
				16B9F32D2753886300F6C5EF /* Frameworks */,
				16B9F32E2753886300F6C5EF /* Resources */,
			);
			buildRules = (
			);
			dependencies = (
				16B9F3322753886300F6C5EF /* PBXTargetDependency */,
			);
			name = NobelLaureatesTests;
			productName = NobelLaureatesTests;
			productReference = 16B9F3302753886300F6C5EF /* NobelLaureatesTests.xctest */;
			productType = "com.apple.product-type.bundle.unit-test";
		};
		16B9F3392753886300F6C5EF /* NobelLaureatesUITests */ = {
			isa = PBXNativeTarget;
			buildConfigurationList = 16B9F34A2753886300F6C5EF /* Build configuration list for PBXNativeTarget "NobelLaureatesUITests" */;
			buildPhases = (
				16B9F3362753886300F6C5EF /* Sources */,
				16B9F3372753886300F6C5EF /* Frameworks */,
				16B9F3382753886300F6C5EF /* Resources */,
			);
			buildRules = (
			);
			dependencies = (
				16B9F33C2753886300F6C5EF /* PBXTargetDependency */,
			);
			name = NobelLaureatesUITests;
			productName = NobelLaureatesUITests;
			productReference = 16B9F33A2753886300F6C5EF /* NobelLaureatesUITests.xctest */;
			productType = "com.apple.product-type.bundle.ui-testing";
		};
/* End PBXNativeTarget section */

/* Begin PBXProject section */
		16B9F3182753886000F6C5EF /* Project object */ = {
			isa = PBXProject;
			attributes = {
				BuildIndependentTargetsInParallel = 1;
				LastSwiftUpdateCheck = 1310;
				LastUpgradeCheck = 1310;
				TargetAttributes = {
					16B9F31F2753886000F6C5EF = {
						CreatedOnToolsVersion = 13.1;
					};
					16B9F32F2753886300F6C5EF = {
						CreatedOnToolsVersion = 13.1;
						TestTargetID = 16B9F31F2753886000F6C5EF;
					};
					16B9F3392753886300F6C5EF = {
						CreatedOnToolsVersion = 13.1;
						TestTargetID = 16B9F31F2753886000F6C5EF;
					};
				};
			};
			buildConfigurationList = 16B9F31B2753886000F6C5EF /* Build configuration list for PBXProject "NobelLaureates" */;
			compatibilityVersion = "Xcode 13.0";
			developmentRegion = en;
			hasScannedForEncodings = 0;
			knownRegions = (
				en,
				Base,
			);
			mainGroup = 16B9F3172753886000F6C5EF;
			productRefGroup = 16B9F3212753886000F6C5EF /* Products */;
			projectDirPath = "";
			projectRoot = "";
			targets = (
				16B9F31F2753886000F6C5EF /* NobelLaureates */,
				16B9F32F2753886300F6C5EF /* NobelLaureatesTests */,
				16B9F3392753886300F6C5EF /* NobelLaureatesUITests */,
			);
		};
/* End PBXProject section */

/* Begin PBXResourcesBuildPhase section */
		16B9F31E2753886000F6C5EF /* Resources */ = {
			isa = PBXResourcesBuildPhase;
			buildActionMask = 2147483647;
			files = (
				16B9F32B2753886200F6C5EF /* Preview Assets.xcassets in Resources */,
				16B9F3282753886200F6C5EF /* Assets.xcassets in Resources */,
			);
			runOnlyForDeploymentPostprocessing = 0;
		};
		16B9F32E2753886300F6C5EF /* Resources */ = {
			isa = PBXResourcesBuildPhase;
			buildActionMask = 2147483647;
			files = (
			);
			runOnlyForDeploymentPostprocessing = 0;
		};
		16B9F3382753886300F6C5EF /* Resources */ = {
			isa = PBXResourcesBuildPhase;
			buildActionMask = 2147483647;
			files = (
			);
			runOnlyForDeploymentPostprocessing = 0;
		};
/* End PBXResourcesBuildPhase section */

/* Begin PBXSourcesBuildPhase section */
		16B9F31C2753886000F6C5EF /* Sources */ = {
			isa = PBXSourcesBuildPhase;
			buildActionMask = 2147483647;
			files = (
				16B9F350275389D300F6C5EF /* NetworkManager.swift in Sources */,
				16B9F34E2753898C00F6C5EF /* Interfaces.swift in Sources */,
				16B9F3262753886000F6C5EF /* ContentView.swift in Sources */,
				16B9F354275680D200F6C5EF /* LaureateView.swift in Sources */,
				16B9F35227538A2100F6C5EF /* Misc.swift in Sources */,
				16B9F3242753886000F6C5EF /* NobelLaureatesApp.swift in Sources */,
			);
			runOnlyForDeploymentPostprocessing = 0;
		};
		16B9F32C2753886300F6C5EF /* Sources */ = {
			isa = PBXSourcesBuildPhase;
			buildActionMask = 2147483647;
			files = (
				16B9F3352753886300F6C5EF /* NobelLaureatesTests.swift in Sources */,
			);
			runOnlyForDeploymentPostprocessing = 0;
		};
		16B9F3362753886300F6C5EF /* Sources */ = {
			isa = PBXSourcesBuildPhase;
			buildActionMask = 2147483647;
			files = (
				16B9F3412753886300F6C5EF /* NobelLaureatesUITestsLaunchTests.swift in Sources */,
				16B9F33F2753886300F6C5EF /* NobelLaureatesUITests.swift in Sources */,
			);
			runOnlyForDeploymentPostprocessing = 0;
		};
/* End PBXSourcesBuildPhase section */

/* Begin PBXTargetDependency section */
		16B9F3322753886300F6C5EF /* PBXTargetDependency */ = {
			isa = PBXTargetDependency;
			target = 16B9F31F2753886000F6C5EF /* NobelLaureates */;
			targetProxy = 16B9F3312753886300F6C5EF /* PBXContainerItemProxy */;
		};
		16B9F33C2753886300F6C5EF /* PBXTargetDependency */ = {
			isa = PBXTargetDependency;
			target = 16B9F31F2753886000F6C5EF /* NobelLaureates */;
			targetProxy = 16B9F33B2753886300F6C5EF /* PBXContainerItemProxy */;
		};
/* End PBXTargetDependency section */

/* Begin XCBuildConfiguration section */
		16B9F3422753886300F6C5EF /* Debug */ = {
			isa = XCBuildConfiguration;
			buildSettings = {
				ALWAYS_SEARCH_USER_PATHS = NO;
				CLANG_ANALYZER_NONNULL = YES;
				CLANG_ANALYZER_NUMBER_OBJECT_CONVERSION = YES_AGGRESSIVE;
				CLANG_CXX_LANGUAGE_STANDARD = "gnu++17";
				CLANG_CXX_LIBRARY = "libc++";
				CLANG_ENABLE_MODULES = YES;
				CLANG_ENABLE_OBJC_ARC = YES;
				CLANG_ENABLE_OBJC_WEAK = YES;
				CLANG_WARN_BLOCK_CAPTURE_AUTORELEASING = YES;
				CLANG_WARN_BOOL_CONVERSION = YES;
				CLANG_WARN_COMMA = YES;
				CLANG_WARN_CONSTANT_CONVERSION = YES;
				CLANG_WARN_DEPRECATED_OBJC_IMPLEMENTATIONS = YES;
				CLANG_WARN_DIRECT_OBJC_ISA_USAGE = YES_ERROR;
				CLANG_WARN_DOCUMENTATION_COMMENTS = YES;
				CLANG_WARN_EMPTY_BODY = YES;
				CLANG_WARN_ENUM_CONVERSION = YES;
				CLANG_WARN_INFINITE_RECURSION = YES;
				CLANG_WARN_INT_CONVERSION = YES;
				CLANG_WARN_NON_LITERAL_NULL_CONVERSION = YES;
				CLANG_WARN_OBJC_IMPLICIT_RETAIN_SELF = YES;
				CLANG_WARN_OBJC_LITERAL_CONVERSION = YES;
				CLANG_WARN_OBJC_ROOT_CLASS = YES_ERROR;
				CLANG_WARN_QUOTED_INCLUDE_IN_FRAMEWORK_HEADER = YES;
				CLANG_WARN_RANGE_LOOP_ANALYSIS = YES;
				CLANG_WARN_STRICT_PROTOTYPES = YES;
				CLANG_WARN_SUSPICIOUS_MOVE = YES;
				CLANG_WARN_UNGUARDED_AVAILABILITY = YES_AGGRESSIVE;
				CLANG_WARN_UNREACHABLE_CODE = YES;
				CLANG_WARN__DUPLICATE_METHOD_MATCH = YES;
				COPY_PHASE_STRIP = NO;
				DEBUG_INFORMATION_FORMAT = dwarf;
				ENABLE_STRICT_OBJC_MSGSEND = YES;
				ENABLE_TESTABILITY = YES;
				GCC_C_LANGUAGE_STANDARD = gnu11;
				GCC_DYNAMIC_NO_PIC = NO;
				GCC_NO_COMMON_BLOCKS = YES;
				GCC_OPTIMIZATION_LEVEL = 0;
				GCC_PREPROCESSOR_DEFINITIONS = (
					"DEBUG=1",
					"$(inherited)",
				);
				GCC_WARN_64_TO_32_BIT_CONVERSION = YES;
				GCC_WARN_ABOUT_RETURN_TYPE = YES_ERROR;
				GCC_WARN_UNDECLARED_SELECTOR = YES;
				GCC_WARN_UNINITIALIZED_AUTOS = YES_AGGRESSIVE;
				GCC_WARN_UNUSED_FUNCTION = YES;
				GCC_WARN_UNUSED_VARIABLE = YES;
				IPHONEOS_DEPLOYMENT_TARGET = 15.0;
				MTL_ENABLE_DEBUG_INFO = INCLUDE_SOURCE;
				MTL_FAST_MATH = YES;
				ONLY_ACTIVE_ARCH = YES;
				SDKROOT = iphoneos;
				SWIFT_ACTIVE_COMPILATION_CONDITIONS = DEBUG;
				SWIFT_OPTIMIZATION_LEVEL = "-Onone";
			};
			name = Debug;
		};
		16B9F3432753886300F6C5EF /* Release */ = {
			isa = XCBuildConfiguration;
			buildSettings = {
				ALWAYS_SEARCH_USER_PATHS = NO;
				CLANG_ANALYZER_NONNULL = YES;
				CLANG_ANALYZER_NUMBER_OBJECT_CONVERSION = YES_AGGRESSIVE;
				CLANG_CXX_LANGUAGE_STANDARD = "gnu++17";
				CLANG_CXX_LIBRARY = "libc++";
				CLANG_ENABLE_MODULES = YES;
				CLANG_ENABLE_OBJC_ARC = YES;
				CLANG_ENABLE_OBJC_WEAK = YES;
				CLANG_WARN_BLOCK_CAPTURE_AUTORELEASING = YES;
				CLANG_WARN_BOOL_CONVERSION = YES;
				CLANG_WARN_COMMA = YES;
				CLANG_WARN_CONSTANT_CONVERSION = YES;
				CLANG_WARN_DEPRECATED_OBJC_IMPLEMENTATIONS = YES;
				CLANG_WARN_DIRECT_OBJC_ISA_USAGE = YES_ERROR;
				CLANG_WARN_DOCUMENTATION_COMMENTS = YES;
				CLANG_WARN_EMPTY_BODY = YES;
				CLANG_WARN_ENUM_CONVERSION = YES;
				CLANG_WARN_INFINITE_RECURSION = YES;
				CLANG_WARN_INT_CONVERSION = YES;
				CLANG_WARN_NON_LITERAL_NULL_CONVERSION = YES;
				CLANG_WARN_OBJC_IMPLICIT_RETAIN_SELF = YES;
				CLANG_WARN_OBJC_LITERAL_CONVERSION = YES;
				CLANG_WARN_OBJC_ROOT_CLASS = YES_ERROR;
				CLANG_WARN_QUOTED_INCLUDE_IN_FRAMEWORK_HEADER = YES;
				CLANG_WARN_RANGE_LOOP_ANALYSIS = YES;
				CLANG_WARN_STRICT_PROTOTYPES = YES;
				CLANG_WARN_SUSPICIOUS_MOVE = YES;
				CLANG_WARN_UNGUARDED_AVAILABILITY = YES_AGGRESSIVE;
				CLANG_WARN_UNREACHABLE_CODE = YES;
				CLANG_WARN__DUPLICATE_METHOD_MATCH = YES;
				COPY_PHASE_STRIP = NO;
				DEBUG_INFORMATION_FORMAT = "dwarf-with-dsym";
				ENABLE_NS_ASSERTIONS = NO;
				ENABLE_STRICT_OBJC_MSGSEND = YES;
				GCC_C_LANGUAGE_STANDARD = gnu11;
				GCC_NO_COMMON_BLOCKS = YES;
				GCC_WARN_64_TO_32_BIT_CONVERSION = YES;
				GCC_WARN_ABOUT_RETURN_TYPE = YES_ERROR;
				GCC_WARN_UNDECLARED_SELECTOR = YES;
				GCC_WARN_UNINITIALIZED_AUTOS = YES_AGGRESSIVE;
				GCC_WARN_UNUSED_FUNCTION = YES;
				GCC_WARN_UNUSED_VARIABLE = YES;
				IPHONEOS_DEPLOYMENT_TARGET = 15.0;
				MTL_ENABLE_DEBUG_INFO = NO;
				MTL_FAST_MATH = YES;
				SDKROOT = iphoneos;
				SWIFT_COMPILATION_MODE = wholemodule;
				SWIFT_OPTIMIZATION_LEVEL = "-O";
				VALIDATE_PRODUCT = YES;
			};
			name = Release;
		};
		16B9F3452753886300F6C5EF /* Debug */ = {
			isa = XCBuildConfiguration;
			buildSettings = {
				ASSETCATALOG_COMPILER_APPICON_NAME = AppIcon;
				ASSETCATALOG_COMPILER_GLOBAL_ACCENT_COLOR_NAME = AccentColor;
				CODE_SIGN_STYLE = Automatic;
				CURRENT_PROJECT_VERSION = 1;
				DEVELOPMENT_ASSET_PATHS = "\"NobelLaureates/Preview Content\"";
				DEVELOPMENT_TEAM = PN348K3424;
				ENABLE_PREVIEWS = YES;
				GENERATE_INFOPLIST_FILE = YES;
				INFOPLIST_KEY_UIApplicationSceneManifest_Generation = YES;
				INFOPLIST_KEY_UIApplicationSupportsIndirectInputEvents = YES;
				INFOPLIST_KEY_UILaunchScreen_Generation = YES;
				INFOPLIST_KEY_UISupportedInterfaceOrientations_iPad = "UIInterfaceOrientationPortrait UIInterfaceOrientationPortraitUpsideDown UIInterfaceOrientationLandscapeLeft UIInterfaceOrientationLandscapeRight";
				INFOPLIST_KEY_UISupportedInterfaceOrientations_iPhone = "UIInterfaceOrientationPortrait UIInterfaceOrientationLandscapeLeft UIInterfaceOrientationLandscapeRight";
				LD_RUNPATH_SEARCH_PATHS = (
					"$(inherited)",
					"@executable_path/Frameworks",
				);
				MARKETING_VERSION = 1.0;
				PRODUCT_BUNDLE_IDENTIFIER = com.github.poppanator.NobelLaureates;
				PRODUCT_NAME = "$(TARGET_NAME)";
				SWIFT_EMIT_LOC_STRINGS = YES;
				SWIFT_VERSION = 5.0;
				TARGETED_DEVICE_FAMILY = "1,2";
			};
			name = Debug;
		};
		16B9F3462753886300F6C5EF /* Release */ = {
			isa = XCBuildConfiguration;
			buildSettings = {
				ASSETCATALOG_COMPILER_APPICON_NAME = AppIcon;
				ASSETCATALOG_COMPILER_GLOBAL_ACCENT_COLOR_NAME = AccentColor;
				CODE_SIGN_STYLE = Automatic;
				CURRENT_PROJECT_VERSION = 1;
				DEVELOPMENT_ASSET_PATHS = "\"NobelLaureates/Preview Content\"";
				DEVELOPMENT_TEAM = PN348K3424;
				ENABLE_PREVIEWS = YES;
				GENERATE_INFOPLIST_FILE = YES;
				INFOPLIST_KEY_UIApplicationSceneManifest_Generation = YES;
				INFOPLIST_KEY_UIApplicationSupportsIndirectInputEvents = YES;
				INFOPLIST_KEY_UILaunchScreen_Generation = YES;
				INFOPLIST_KEY_UISupportedInterfaceOrientations_iPad = "UIInterfaceOrientationPortrait UIInterfaceOrientationPortraitUpsideDown UIInterfaceOrientationLandscapeLeft UIInterfaceOrientationLandscapeRight";
				INFOPLIST_KEY_UISupportedInterfaceOrientations_iPhone = "UIInterfaceOrientationPortrait UIInterfaceOrientationLandscapeLeft UIInterfaceOrientationLandscapeRight";
				LD_RUNPATH_SEARCH_PATHS = (
					"$(inherited)",
					"@executable_path/Frameworks",
				);
				MARKETING_VERSION = 1.0;
				PRODUCT_BUNDLE_IDENTIFIER = com.github.poppanator.NobelLaureates;
				PRODUCT_NAME = "$(TARGET_NAME)";
				SWIFT_EMIT_LOC_STRINGS = YES;
				SWIFT_VERSION = 5.0;
				TARGETED_DEVICE_FAMILY = "1,2";
			};
			name = Release;
		};
		16B9F3482753886300F6C5EF /* Debug */ = {
			isa = XCBuildConfiguration;
			buildSettings = {
				ALWAYS_EMBED_SWIFT_STANDARD_LIBRARIES = YES;
				BUNDLE_LOADER = "$(TEST_HOST)";
				CODE_SIGN_STYLE = Automatic;
				CURRENT_PROJECT_VERSION = 1;
				DEVELOPMENT_TEAM = PN348K3424;
				GENERATE_INFOPLIST_FILE = YES;
				IPHONEOS_DEPLOYMENT_TARGET = 15.0;
				LD_RUNPATH_SEARCH_PATHS = (
					"$(inherited)",
					"@executable_path/Frameworks",
					"@loader_path/Frameworks",
				);
				MARKETING_VERSION = 1.0;
				PRODUCT_BUNDLE_IDENTIFIER = com.github.poppanator.NobelLaureatesTests;
				PRODUCT_NAME = "$(TARGET_NAME)";
				SWIFT_EMIT_LOC_STRINGS = NO;
				SWIFT_VERSION = 5.0;
				TARGETED_DEVICE_FAMILY = "1,2";
				TEST_HOST = "$(BUILT_PRODUCTS_DIR)/NobelLaureates.app/NobelLaureates";
			};
			name = Debug;
		};
		16B9F3492753886300F6C5EF /* Release */ = {
			isa = XCBuildConfiguration;
			buildSettings = {
				ALWAYS_EMBED_SWIFT_STANDARD_LIBRARIES = YES;
				BUNDLE_LOADER = "$(TEST_HOST)";
				CODE_SIGN_STYLE = Automatic;
				CURRENT_PROJECT_VERSION = 1;
				DEVELOPMENT_TEAM = PN348K3424;
				GENERATE_INFOPLIST_FILE = YES;
				IPHONEOS_DEPLOYMENT_TARGET = 15.0;
				LD_RUNPATH_SEARCH_PATHS = (
					"$(inherited)",
					"@executable_path/Frameworks",
					"@loader_path/Frameworks",
				);
				MARKETING_VERSION = 1.0;
				PRODUCT_BUNDLE_IDENTIFIER = com.github.poppanator.NobelLaureatesTests;
				PRODUCT_NAME = "$(TARGET_NAME)";
				SWIFT_EMIT_LOC_STRINGS = NO;
				SWIFT_VERSION = 5.0;
				TARGETED_DEVICE_FAMILY = "1,2";
				TEST_HOST = "$(BUILT_PRODUCTS_DIR)/NobelLaureates.app/NobelLaureates";
			};
			name = Release;
		};
		16B9F34B2753886300F6C5EF /* Debug */ = {
			isa = XCBuildConfiguration;
			buildSettings = {
				ALWAYS_EMBED_SWIFT_STANDARD_LIBRARIES = YES;
				CODE_SIGN_STYLE = Automatic;
				CURRENT_PROJECT_VERSION = 1;
				DEVELOPMENT_TEAM = PN348K3424;
				GENERATE_INFOPLIST_FILE = YES;
				LD_RUNPATH_SEARCH_PATHS = (
					"$(inherited)",
					"@executable_path/Frameworks",
					"@loader_path/Frameworks",
				);
				MARKETING_VERSION = 1.0;
				PRODUCT_BUNDLE_IDENTIFIER = com.github.poppanator.NobelLaureatesUITests;
				PRODUCT_NAME = "$(TARGET_NAME)";
				SWIFT_EMIT_LOC_STRINGS = NO;
				SWIFT_VERSION = 5.0;
				TARGETED_DEVICE_FAMILY = "1,2";
				TEST_TARGET_NAME = NobelLaureates;
			};
			name = Debug;
		};
		16B9F34C2753886300F6C5EF /* Release */ = {
			isa = XCBuildConfiguration;
			buildSettings = {
				ALWAYS_EMBED_SWIFT_STANDARD_LIBRARIES = YES;
				CODE_SIGN_STYLE = Automatic;
				CURRENT_PROJECT_VERSION = 1;
				DEVELOPMENT_TEAM = PN348K3424;
				GENERATE_INFOPLIST_FILE = YES;
				LD_RUNPATH_SEARCH_PATHS = (
					"$(inherited)",
					"@executable_path/Frameworks",
					"@loader_path/Frameworks",
				);
				MARKETING_VERSION = 1.0;
				PRODUCT_BUNDLE_IDENTIFIER = com.github.poppanator.NobelLaureatesUITests;
				PRODUCT_NAME = "$(TARGET_NAME)";
				SWIFT_EMIT_LOC_STRINGS = NO;
				SWIFT_VERSION = 5.0;
				TARGETED_DEVICE_FAMILY = "1,2";
				TEST_TARGET_NAME = NobelLaureates;
			};
			name = Release;
		};
/* End XCBuildConfiguration section */

/* Begin XCConfigurationList section */
		16B9F31B2753886000F6C5EF /* Build configuration list for PBXProject "NobelLaureates" */ = {
			isa = XCConfigurationList;
			buildConfigurations = (
				16B9F3422753886300F6C5EF /* Debug */,
				16B9F3432753886300F6C5EF /* Release */,
			);
			defaultConfigurationIsVisible = 0;
			defaultConfigurationName = Release;
		};
		16B9F3442753886300F6C5EF /* Build configuration list for PBXNativeTarget "NobelLaureates" */ = {
			isa = XCConfigurationList;
			buildConfigurations = (
				16B9F3452753886300F6C5EF /* Debug */,
				16B9F3462753886300F6C5EF /* Release */,
			);
			defaultConfigurationIsVisible = 0;
			defaultConfigurationName = Release;
		};
		16B9F3472753886300F6C5EF /* Build configuration list for PBXNativeTarget "NobelLaureatesTests" */ = {
			isa = XCConfigurationList;
			buildConfigurations = (
				16B9F3482753886300F6C5EF /* Debug */,
				16B9F3492753886300F6C5EF /* Release */,
			);
			defaultConfigurationIsVisible = 0;
			defaultConfigurationName = Release;
		};
		16B9F34A2753886300F6C5EF /* Build configuration list for PBXNativeTarget "NobelLaureatesUITests" */ = {
			isa = XCConfigurationList;
			buildConfigurations = (
				16B9F34B2753886300F6C5EF /* Debug */,
				16B9F34C2753886300F6C5EF /* Release */,
			);
			defaultConfigurationIsVisible = 0;
			defaultConfigurationName = Release;
		};
/* End XCConfigurationList section */
	};
	rootObject = 16B9F3182753886000F6C5EF /* Project object */;
}
